
Microsoft Visual Studio Solution File, Format Version 12.00
# Visual Studio Version 17
VisualStudioVersion = 17.7.34018.315
MinimumVisualStudioVersion = 10.0.40219.1
Project("{FAE04EC0-301F-11D3-BF4B-00C04F79EFBC}") = "chapter-04", "chapter-04.csproj", "{68CE6B6D-F3F0-483C-8684-FE0B261640F5}"
EndProject
Global
	GlobalSection(SolutionConfigurationPlatforms) = preSolution
		Debug|Any CPU = Debug|Any CPU
		Release|Any CPU = Release|Any CPU
	EndGlobalSection
	GlobalSection(ProjectConfigurationPlatforms) = postSolution
		{68CE6B6D-F3F0-483C-8684-FE0B261640F5}.Debug|Any CPU.ActiveCfg = Debug|Any CPU
		{68CE6B6D-F3F0-483C-8684-FE0B261640F5}.Debug|Any CPU.Build.0 = Debug|Any CPU
		{68CE6B6D-F3F0-483C-8684-FE0B261640F5}.Release|Any CPU.ActiveCfg = Release|Any CPU
		{68CE6B6D-F3F0-483C-8684-FE0B261640F5}.Release|Any CPU.Build.0 = Release|Any CPU
	EndGlobalSection
	GlobalSection(SolutionProperties) = preSolution
		HideSolutionNode = FALSE
	EndGlobalSection
	GlobalSection(ExtensibilityGlobals) = postSolution
		SolutionGuid = {4BA08C94-B05A-41EF-BE35-AB5BB9B68DEF}
	EndGlobalSection
EndGlobal
